
Microsoft Visual Studio Solution File, Format Version 12.00
# Visual Studio Version 17
VisualStudioVersion = 17.2.32630.192
MinimumVisualStudioVersion = 10.0.40219.1
Project("{9A19103F-16F7-4668-BE54-9A1E7A4F7556}") = "DesafioString console", "DesafioString console\DesafioString console.csproj", "{C2F700C1-ED44-4200-9812-97B0F4F88339}"
EndProject
Project("{9A19103F-16F7-4668-BE54-9A1E7A4F7556}") = "Desafio2", "Desafio2\Desafio2.csproj", "{DCBD0A47-8BA3-4847-B0B9-6774F827B9AA}"
EndProject
Project("{9A19103F-16F7-4668-BE54-9A1E7A4F7556}") = "TipoDato", "TipoDato\TipoDato.csproj", "{B1DD757F-B1F9-43BB-AD34-6113D12D1629}"
EndProject
Project("{9A19103F-16F7-4668-BE54-9A1E7A4F7556}") = "Metodos", "Metodos\Metodos.csproj", "{65F5E669-268A-479C-82CD-9BB337886452}"
EndProject
Project("{9A19103F-16F7-4668-BE54-9A1E7A4F7556}") = "practica_trycatch", "practica_trycatch\practica_trycatch.csproj", "{186B61DD-D76D-4C88-A07B-589AE1F0F402}"
EndProject
Project("{9A19103F-16F7-4668-BE54-9A1E7A4F7556}") = "CondicionesIf", "CondicionesIf\CondicionesIf.csproj", "{6E7FFCF8-C347-47C3-8683-96EA35CCBFA6}"
EndProject
Project("{9A19103F-16F7-4668-BE54-9A1E7A4F7556}") = "RegistroIngreso", "RegistroIngreso\RegistroIngreso.csproj", "{466B2818-8A3E-4437-B4BE-EC8656E449E2}"
EndProject
Project("{9A19103F-16F7-4668-BE54-9A1E7A4F7556}") = "PiedraPapelTijera", "PiedraPapelTijera\PiedraPapelTijera.csproj", "{254C0DA5-7B75-4635-B941-7FAE392BB445}"
EndProject
Project("{9A19103F-16F7-4668-BE54-9A1E7A4F7556}") = "RecordPuntajesJuego", "RecordPuntajesJuego\RecordPuntajesJuego.csproj", "{110C484E-3750-4111-BF89-4C16CE19D64A}"
EndProject
Project("{9A19103F-16F7-4668-BE54-9A1E7A4F7556}") = "OperadorTernarioTemperaturasJuego", "OperadorTernario\OperadorTernarioTemperaturasJuego.csproj", "{D32A4D0C-A90B-4394-84C1-7E7E3625912B}"
EndProject
Project("{9A19103F-16F7-4668-BE54-9A1E7A4F7556}") = "OperadorTernarioTemperaturaJuego2", "OperadorTernarioTemperaturaJuego2\OperadorTernarioTemperaturaJuego2.csproj", "{C3289D96-90A3-4852-8F92-2D01177FD269}"
EndProject
Project("{9A19103F-16F7-4668-BE54-9A1E7A4F7556}") = "Loops", "Loops\Loops.csproj", "{315318E1-BF6C-46F1-8CC5-20F4EA5E3208}"
EndProject
Project("{9A19103F-16F7-4668-BE54-9A1E7A4F7556}") = "Objetos", "Objetos\Objetos.csproj", "{12AC0C71-8311-4BB8-8B4D-6878A24ECE93}"
EndProject
Project("{9A19103F-16F7-4668-BE54-9A1E7A4F7556}") = "Propiedades", "Propiedades\Propiedades.csproj", "{389E9DEB-1AF7-4A59-BD42-9F858C74C003}"
EndProject
Project("{9A19103F-16F7-4668-BE54-9A1E7A4F7556}") = "OxxO_Gato", "OxxO_Gato\OxxO_Gato.csproj", "{587ED40F-A961-44BB-ACEA-27C9366DEB8B}"
EndProject
Project("{9A19103F-16F7-4668-BE54-9A1E7A4F7556}") = "ArreglosIrregulares", "ArreglosIrregulares\ArreglosIrregulares.csproj", "{D1C2F6E9-FE1E-45B0-88CF-DE250998B575}"
EndProject
Project("{9A19103F-16F7-4668-BE54-9A1E7A4F7556}") = "ArregloComoParametro", "ArregloComoParametro\ArregloComoParametro.csproj", "{49B73915-57F3-474C-A28D-6350EA32A5DA}"
EndProject
Project("{9A19103F-16F7-4668-BE54-9A1E7A4F7556}") = "HerenciaPublicaciones", "Herencia\HerenciaPublicaciones.csproj", "{67A4A111-091C-4F1F-9460-C9257754D343}"
EndProject
Project("{9A19103F-16F7-4668-BE54-9A1E7A4F7556}") = "HerenciaEmpleado", "HerenciaEmpleado\HerenciaEmpleado.csproj", "{6D902B74-27C8-442A-9C3E-BFC7ABCAA23A}"
EndProject
Project("{9A19103F-16F7-4668-BE54-9A1E7A4F7556}") = "InterfacesDemoNotificacionBasico", "InterfacesDemoNotificacionBasico\InterfacesDemoNotificacionBasico.csproj", "{F8F1E7E1-22E7-4E8A-A209-5F89F72DD929}"
EndProject
Project("{9A19103F-16F7-4668-BE54-9A1E7A4F7556}") = "PolimorfismoAuto", "PolimorfismoAuto\PolimorfismoAuto.csproj", "{C81444EE-B911-4A2C-A53C-B3F2A80BBD07}"
EndProject
Project("{9A19103F-16F7-4668-BE54-9A1E7A4F7556}") = "PolimorfismoLeerArchivo", "PolimorfismoLeerArchivo\PolimorfismoLeerArchivo.csproj", "{9E0EDE7D-50A2-445E-BCC0-8F198141BC7F}"
EndProject
Project("{9A19103F-16F7-4668-BE54-9A1E7A4F7556}") = "ClaseRandom", "ClaseRandom\ClaseRandom.csproj", "{5553D1FB-96E0-4FE7-8769-279C2D350133}"
EndProject
Project("{9A19103F-16F7-4668-BE54-9A1E7A4F7556}") = "Fechas", "Fechas\Fechas.csproj", "{18C7AEE3-FEA0-4543-9A64-D150B5EC03D1}"
EndProject
Project("{9A19103F-16F7-4668-BE54-9A1E7A4F7556}") = "DelegadosDemo", "DelegadosDemo\DelegadosDemo.csproj", "{CACCA91C-406B-48DF-A280-99923D994E71}"
EndProject
Project("{9A19103F-16F7-4668-BE54-9A1E7A4F7556}") = "EventosyDelegados", "EventosyDelegados\EventosyDelegados.csproj", "{4FB824A1-E0CE-49B3-A4E8-36903CF67CC2}"
EndProject
Project("{9A19103F-16F7-4668-BE54-9A1E7A4F7556}") = "WpfApp01", "WpfApp01\WpfApp01.csproj", "{8CDBBD38-BD5D-43CE-B870-E79DFBA16650}"
EndProject
Project("{9A19103F-16F7-4668-BE54-9A1E7A4F7556}") = "WpfApp2", "WpfApp2\WpfApp2.csproj", "{C1E298E3-0E23-4DEC-8537-95F220D8B3FA}"
EndProject
Project("{9A19103F-16F7-4668-BE54-9A1E7A4F7556}") = "WpfApp3", "WpfApp3\WpfApp3.csproj", "{A55023E8-221C-4CC0-A04E-89B0E729FECE}"
EndProject
Project("{9A19103F-16F7-4668-BE54-9A1E7A4F7556}") = "WpfApp4", "WpfApp4\WpfApp4.csproj", "{ACD15A85-9273-425A-9158-9BEEB02CDF10}"
EndProject
Project("{9A19103F-16F7-4668-BE54-9A1E7A4F7556}") = "WpfApp5", "WpfApp5\WpfApp5.csproj", "{7DB02FC9-793D-4156-B088-F0A9C795AFC7}"
EndProject
Project("{9A19103F-16F7-4668-BE54-9A1E7A4F7556}") = "WpfApp6", "WpfApp6\WpfApp6.csproj", "{538A3AB6-F255-423C-B4BE-767AF90D2690}"
EndProject
Project("{9A19103F-16F7-4668-BE54-9A1E7A4F7556}") = "WpfApp7", "WpfApp7\WpfApp7.csproj", "{D54AD8AB-CB8E-47B9-849A-3265C278CC5C}"
EndProject
Project("{9A19103F-16F7-4668-BE54-9A1E7A4F7556}") = "WpfApp8", "WpfApp8\WpfApp8.csproj", "{DEB6BD55-75EC-4B35-ACA6-4639FDA12AD2}"
EndProject
Project("{9A19103F-16F7-4668-BE54-9A1E7A4F7556}") = "WpfApp9", "WpfApp9\WpfApp9.csproj", "{6299A71A-0C1D-4918-958E-03CCF2AABE7B}"
EndProject
Project("{9A19103F-16F7-4668-BE54-9A1E7A4F7556}") = "wpf10", "wpf10\wpf10.csproj", "{174E6F32-F0AB-4A6C-A8F0-1BF0CA9C59FC}"
EndProject
Project("{9A19103F-16F7-4668-BE54-9A1E7A4F7556}") = "WpfApp11", "WpfApp11\WpfApp11.csproj", "{9F1CD215-EDFF-4217-B1A8-3426E5E0020C}"
EndProject
Project("{9A19103F-16F7-4668-BE54-9A1E7A4F7556}") = "wpf12", "wpf12\wpf12.csproj", "{8365B69A-3BE9-4BB4-8612-7E2FD2F43A19}"
EndProject
Project("{9A19103F-16F7-4668-BE54-9A1E7A4F7556}") = "WpfApp13", "WpfApp13\WpfApp13.csproj", "{8653FC8A-C9F2-4B60-85FE-8C2F3B1C1317}"
EndProject
Project("{FAE04EC0-301F-11D3-BF4B-00C04F79EFBC}") = "GestionZoo", "GestionZoo\GestionZoo.csproj", "{FEFDD08C-6B5C-4810-8A25-D969396573F9}"
EndProject
Project("{9A19103F-16F7-4668-BE54-9A1E7A4F7556}") = "Linq1", "Linq1\Linq1.csproj", "{D663CB8F-4078-42FC-B73D-2A5D6862D5D7}"
EndProject
Project("{9A19103F-16F7-4668-BE54-9A1E7A4F7556}") = "Linq2", "Linq2\Linq2.csproj", "{6D51B3BD-0AA7-4E58-9F4D-3BFF434EEF38}"
EndProject
Project("{9A19103F-16F7-4668-BE54-9A1E7A4F7556}") = "LinConXML", "LinConXML\LinConXML.csproj", "{EB84FF50-3785-4FED-806A-AFE97314CF52}"
EndProject
Project("{FAE04EC0-301F-11D3-BF4B-00C04F79EFBC}") = "LinqSQL", "LinqSQL\LinqSQL.csproj", "{6181D7A6-1B14-499D-908D-0BF07BE636F7}"
EndProject
Project("{9A19103F-16F7-4668-BE54-9A1E7A4F7556}") = "HiloBasico", "HiloBasico\HiloBasico.csproj", "{47FDE92A-26FF-46D3-B6F0-405C0C4B8B10}"
EndProject
Project("{FAE04EC0-301F-11D3-BF4B-00C04F79EFBC}") = "ThreadsJoinAlive", "ThreadsJoinAlive\ThreadsJoinAlive.csproj", "{64B18287-680F-40AF-974D-3FBD6EA9B2BA}"
EndProject
Project("{FAE04EC0-301F-11D3-BF4B-00C04F79EFBC}") = "WFPThreadTareas", "WFPThreadTareas\WFPThreadTareas.csproj", "{009F7164-8FDC-4C65-AF76-8516EC1267E6}"
EndProject
Global
	GlobalSection(SolutionConfigurationPlatforms) = preSolution
		Debug|Any CPU = Debug|Any CPU
		Release|Any CPU = Release|Any CPU
	EndGlobalSection
	GlobalSection(ProjectConfigurationPlatforms) = postSolution
		{C2F700C1-ED44-4200-9812-97B0F4F88339}.Debug|Any CPU.ActiveCfg = Debug|Any CPU
		{C2F700C1-ED44-4200-9812-97B0F4F88339}.Debug|Any CPU.Build.0 = Debug|Any CPU
		{C2F700C1-ED44-4200-9812-97B0F4F88339}.Release|Any CPU.ActiveCfg = Release|Any CPU
		{C2F700C1-ED44-4200-9812-97B0F4F88339}.Release|Any CPU.Build.0 = Release|Any CPU
		{DCBD0A47-8BA3-4847-B0B9-6774F827B9AA}.Debug|Any CPU.ActiveCfg = Debug|Any CPU
		{DCBD0A47-8BA3-4847-B0B9-6774F827B9AA}.Debug|Any CPU.Build.0 = Debug|Any CPU
		{DCBD0A47-8BA3-4847-B0B9-6774F827B9AA}.Release|Any CPU.ActiveCfg = Release|Any CPU
		{DCBD0A47-8BA3-4847-B0B9-6774F827B9AA}.Release|Any CPU.Build.0 = Release|Any CPU
		{B1DD757F-B1F9-43BB-AD34-6113D12D1629}.Debug|Any CPU.ActiveCfg = Debug|Any CPU
		{B1DD757F-B1F9-43BB-AD34-6113D12D1629}.Debug|Any CPU.Build.0 = Debug|Any CPU
		{B1DD757F-B1F9-43BB-AD34-6113D12D1629}.Release|Any CPU.ActiveCfg = Release|Any CPU
		{B1DD757F-B1F9-43BB-AD34-6113D12D1629}.Release|Any CPU.Build.0 = Release|Any CPU
		{65F5E669-268A-479C-82CD-9BB337886452}.Debug|Any CPU.ActiveCfg = Debug|Any CPU
		{65F5E669-268A-479C-82CD-9BB337886452}.Debug|Any CPU.Build.0 = Debug|Any CPU
		{65F5E669-268A-479C-82CD-9BB337886452}.Release|Any CPU.ActiveCfg = Release|Any CPU
		{65F5E669-268A-479C-82CD-9BB337886452}.Release|Any CPU.Build.0 = Release|Any CPU
		{186B61DD-D76D-4C88-A07B-589AE1F0F402}.Debug|Any CPU.ActiveCfg = Debug|Any CPU
		{186B61DD-D76D-4C88-A07B-589AE1F0F402}.Debug|Any CPU.Build.0 = Debug|Any CPU
		{186B61DD-D76D-4C88-A07B-589AE1F0F402}.Release|Any CPU.ActiveCfg = Release|Any CPU
		{186B61DD-D76D-4C88-A07B-589AE1F0F402}.Release|Any CPU.Build.0 = Release|Any CPU
		{6E7FFCF8-C347-47C3-8683-96EA35CCBFA6}.Debug|Any CPU.ActiveCfg = Debug|Any CPU
		{6E7FFCF8-C347-47C3-8683-96EA35CCBFA6}.Debug|Any CPU.Build.0 = Debug|Any CPU
		{6E7FFCF8-C347-47C3-8683-96EA35CCBFA6}.Release|Any CPU.ActiveCfg = Release|Any CPU
		{6E7FFCF8-C347-47C3-8683-96EA35CCBFA6}.Release|Any CPU.Build.0 = Release|Any CPU
		{466B2818-8A3E-4437-B4BE-EC8656E449E2}.Debug|Any CPU.ActiveCfg = Debug|Any CPU
		{466B2818-8A3E-4437-B4BE-EC8656E449E2}.Debug|Any CPU.Build.0 = Debug|Any CPU
		{466B2818-8A3E-4437-B4BE-EC8656E449E2}.Release|Any CPU.ActiveCfg = Release|Any CPU
		{466B2818-8A3E-4437-B4BE-EC8656E449E2}.Release|Any CPU.Build.0 = Release|Any CPU
		{254C0DA5-7B75-4635-B941-7FAE392BB445}.Debug|Any CPU.ActiveCfg = Debug|Any CPU
		{254C0DA5-7B75-4635-B941-7FAE392BB445}.Debug|Any CPU.Build.0 = Debug|Any CPU
		{254C0DA5-7B75-4635-B941-7FAE392BB445}.Release|Any CPU.ActiveCfg = Release|Any CPU
		{254C0DA5-7B75-4635-B941-7FAE392BB445}.Release|Any CPU.Build.0 = Release|Any CPU
		{110C484E-3750-4111-BF89-4C16CE19D64A}.Debug|Any CPU.ActiveCfg = Debug|Any CPU
		{110C484E-3750-4111-BF89-4C16CE19D64A}.Debug|Any CPU.Build.0 = Debug|Any CPU
		{110C484E-3750-4111-BF89-4C16CE19D64A}.Release|Any CPU.ActiveCfg = Release|Any CPU
		{110C484E-3750-4111-BF89-4C16CE19D64A}.Release|Any CPU.Build.0 = Release|Any CPU
		{D32A4D0C-A90B-4394-84C1-7E7E3625912B}.Debug|Any CPU.ActiveCfg = Debug|Any CPU
		{D32A4D0C-A90B-4394-84C1-7E7E3625912B}.Debug|Any CPU.Build.0 = Debug|Any CPU
		{D32A4D0C-A90B-4394-84C1-7E7E3625912B}.Release|Any CPU.ActiveCfg = Release|Any CPU
		{D32A4D0C-A90B-4394-84C1-7E7E3625912B}.Release|Any CPU.Build.0 = Release|Any CPU
		{C3289D96-90A3-4852-8F92-2D01177FD269}.Debug|Any CPU.ActiveCfg = Debug|Any CPU
		{C3289D96-90A3-4852-8F92-2D01177FD269}.Debug|Any CPU.Build.0 = Debug|Any CPU
		{C3289D96-90A3-4852-8F92-2D01177FD269}.Release|Any CPU.ActiveCfg = Release|Any CPU
		{C3289D96-90A3-4852-8F92-2D01177FD269}.Release|Any CPU.Build.0 = Release|Any CPU
		{315318E1-BF6C-46F1-8CC5-20F4EA5E3208}.Debug|Any CPU.ActiveCfg = Debug|Any CPU
		{315318E1-BF6C-46F1-8CC5-20F4EA5E3208}.Debug|Any CPU.Build.0 = Debug|Any CPU
		{315318E1-BF6C-46F1-8CC5-20F4EA5E3208}.Release|Any CPU.ActiveCfg = Release|Any CPU
		{315318E1-BF6C-46F1-8CC5-20F4EA5E3208}.Release|Any CPU.Build.0 = Release|Any CPU
		{12AC0C71-8311-4BB8-8B4D-6878A24ECE93}.Debug|Any CPU.ActiveCfg = Debug|Any CPU
		{12AC0C71-8311-4BB8-8B4D-6878A24ECE93}.Debug|Any CPU.Build.0 = Debug|Any CPU
		{12AC0C71-8311-4BB8-8B4D-6878A24ECE93}.Release|Any CPU.ActiveCfg = Release|Any CPU
		{12AC0C71-8311-4BB8-8B4D-6878A24ECE93}.Release|Any CPU.Build.0 = Release|Any CPU
		{389E9DEB-1AF7-4A59-BD42-9F858C74C003}.Debug|Any CPU.ActiveCfg = Debug|Any CPU
		{389E9DEB-1AF7-4A59-BD42-9F858C74C003}.Debug|Any CPU.Build.0 = Debug|Any CPU
		{389E9DEB-1AF7-4A59-BD42-9F858C74C003}.Release|Any CPU.ActiveCfg = Release|Any CPU
		{389E9DEB-1AF7-4A59-BD42-9F858C74C003}.Release|Any CPU.Build.0 = Release|Any CPU
		{587ED40F-A961-44BB-ACEA-27C9366DEB8B}.Debug|Any CPU.ActiveCfg = Debug|Any CPU
		{587ED40F-A961-44BB-ACEA-27C9366DEB8B}.Debug|Any CPU.Build.0 = Debug|Any CPU
		{587ED40F-A961-44BB-ACEA-27C9366DEB8B}.Release|Any CPU.ActiveCfg = Release|Any CPU
		{587ED40F-A961-44BB-ACEA-27C9366DEB8B}.Release|Any CPU.Build.0 = Release|Any CPU
		{D1C2F6E9-FE1E-45B0-88CF-DE250998B575}.Debug|Any CPU.ActiveCfg = Debug|Any CPU
		{D1C2F6E9-FE1E-45B0-88CF-DE250998B575}.Debug|Any CPU.Build.0 = Debug|Any CPU
		{D1C2F6E9-FE1E-45B0-88CF-DE250998B575}.Release|Any CPU.ActiveCfg = Release|Any CPU
		{D1C2F6E9-FE1E-45B0-88CF-DE250998B575}.Release|Any CPU.Build.0 = Release|Any CPU
		{49B73915-57F3-474C-A28D-6350EA32A5DA}.Debug|Any CPU.ActiveCfg = Debug|Any CPU
		{49B73915-57F3-474C-A28D-6350EA32A5DA}.Debug|Any CPU.Build.0 = Debug|Any CPU
		{49B73915-57F3-474C-A28D-6350EA32A5DA}.Release|Any CPU.ActiveCfg = Release|Any CPU
		{49B73915-57F3-474C-A28D-6350EA32A5DA}.Release|Any CPU.Build.0 = Release|Any CPU
		{67A4A111-091C-4F1F-9460-C9257754D343}.Debug|Any CPU.ActiveCfg = Debug|Any CPU
		{67A4A111-091C-4F1F-9460-C9257754D343}.Debug|Any CPU.Build.0 = Debug|Any CPU
		{67A4A111-091C-4F1F-9460-C9257754D343}.Release|Any CPU.ActiveCfg = Release|Any CPU
		{67A4A111-091C-4F1F-9460-C9257754D343}.Release|Any CPU.Build.0 = Release|Any CPU
		{6D902B74-27C8-442A-9C3E-BFC7ABCAA23A}.Debug|Any CPU.ActiveCfg = Debug|Any CPU
		{6D902B74-27C8-442A-9C3E-BFC7ABCAA23A}.Debug|Any CPU.Build.0 = Debug|Any CPU
		{6D902B74-27C8-442A-9C3E-BFC7ABCAA23A}.Release|Any CPU.ActiveCfg = Release|Any CPU
		{6D902B74-27C8-442A-9C3E-BFC7ABCAA23A}.Release|Any CPU.Build.0 = Release|Any CPU
		{F8F1E7E1-22E7-4E8A-A209-5F89F72DD929}.Debug|Any CPU.ActiveCfg = Debug|Any CPU
		{F8F1E7E1-22E7-4E8A-A209-5F89F72DD929}.Debug|Any CPU.Build.0 = Debug|Any CPU
		{F8F1E7E1-22E7-4E8A-A209-5F89F72DD929}.Release|Any CPU.ActiveCfg = Release|Any CPU
		{F8F1E7E1-22E7-4E8A-A209-5F89F72DD929}.Release|Any CPU.Build.0 = Release|Any CPU
		{C81444EE-B911-4A2C-A53C-B3F2A80BBD07}.Debug|Any CPU.ActiveCfg = Debug|Any CPU
		{C81444EE-B911-4A2C-A53C-B3F2A80BBD07}.Debug|Any CPU.Build.0 = Debug|Any CPU
		{C81444EE-B911-4A2C-A53C-B3F2A80BBD07}.Release|Any CPU.ActiveCfg = Release|Any CPU
		{C81444EE-B911-4A2C-A53C-B3F2A80BBD07}.Release|Any CPU.Build.0 = Release|Any CPU
		{9E0EDE7D-50A2-445E-BCC0-8F198141BC7F}.Debug|Any CPU.ActiveCfg = Debug|Any CPU
		{9E0EDE7D-50A2-445E-BCC0-8F198141BC7F}.Debug|Any CPU.Build.0 = Debug|Any CPU
		{9E0EDE7D-50A2-445E-BCC0-8F198141BC7F}.Release|Any CPU.ActiveCfg = Release|Any CPU
		{9E0EDE7D-50A2-445E-BCC0-8F198141BC7F}.Release|Any CPU.Build.0 = Release|Any CPU
		{5553D1FB-96E0-4FE7-8769-279C2D350133}.Debug|Any CPU.ActiveCfg = Debug|Any CPU
		{5553D1FB-96E0-4FE7-8769-279C2D350133}.Debug|Any CPU.Build.0 = Debug|Any CPU
		{5553D1FB-96E0-4FE7-8769-279C2D350133}.Release|Any CPU.ActiveCfg = Release|Any CPU
		{5553D1FB-96E0-4FE7-8769-279C2D350133}.Release|Any CPU.Build.0 = Release|Any CPU
		{18C7AEE3-FEA0-4543-9A64-D150B5EC03D1}.Debug|Any CPU.ActiveCfg = Debug|Any CPU
		{18C7AEE3-FEA0-4543-9A64-D150B5EC03D1}.Debug|Any CPU.Build.0 = Debug|Any CPU
		{18C7AEE3-FEA0-4543-9A64-D150B5EC03D1}.Release|Any CPU.ActiveCfg = Release|Any CPU
		{18C7AEE3-FEA0-4543-9A64-D150B5EC03D1}.Release|Any CPU.Build.0 = Release|Any CPU
		{CACCA91C-406B-48DF-A280-99923D994E71}.Debug|Any CPU.ActiveCfg = Debug|Any CPU
		{CACCA91C-406B-48DF-A280-99923D994E71}.Debug|Any CPU.Build.0 = Debug|Any CPU
		{CACCA91C-406B-48DF-A280-99923D994E71}.Release|Any CPU.ActiveCfg = Release|Any CPU
		{CACCA91C-406B-48DF-A280-99923D994E71}.Release|Any CPU.Build.0 = Release|Any CPU
		{4FB824A1-E0CE-49B3-A4E8-36903CF67CC2}.Debug|Any CPU.ActiveCfg = Debug|Any CPU
		{4FB824A1-E0CE-49B3-A4E8-36903CF67CC2}.Debug|Any CPU.Build.0 = Debug|Any CPU
		{4FB824A1-E0CE-49B3-A4E8-36903CF67CC2}.Release|Any CPU.ActiveCfg = Release|Any CPU
		{4FB824A1-E0CE-49B3-A4E8-36903CF67CC2}.Release|Any CPU.Build.0 = Release|Any CPU
		{8CDBBD38-BD5D-43CE-B870-E79DFBA16650}.Debug|Any CPU.ActiveCfg = Debug|Any CPU
		{8CDBBD38-BD5D-43CE-B870-E79DFBA16650}.Debug|Any CPU.Build.0 = Debug|Any CPU
		{8CDBBD38-BD5D-43CE-B870-E79DFBA16650}.Release|Any CPU.ActiveCfg = Release|Any CPU
		{8CDBBD38-BD5D-43CE-B870-E79DFBA16650}.Release|Any CPU.Build.0 = Release|Any CPU
		{C1E298E3-0E23-4DEC-8537-95F220D8B3FA}.Debug|Any CPU.ActiveCfg = Debug|Any CPU
		{C1E298E3-0E23-4DEC-8537-95F220D8B3FA}.Debug|Any CPU.Build.0 = Debug|Any CPU
		{C1E298E3-0E23-4DEC-8537-95F220D8B3FA}.Release|Any CPU.ActiveCfg = Release|Any CPU
		{C1E298E3-0E23-4DEC-8537-95F220D8B3FA}.Release|Any CPU.Build.0 = Release|Any CPU
		{A55023E8-221C-4CC0-A04E-89B0E729FECE}.Debug|Any CPU.ActiveCfg = Debug|Any CPU
		{A55023E8-221C-4CC0-A04E-89B0E729FECE}.Debug|Any CPU.Build.0 = Debug|Any CPU
		{A55023E8-221C-4CC0-A04E-89B0E729FECE}.Release|Any CPU.ActiveCfg = Release|Any CPU
		{A55023E8-221C-4CC0-A04E-89B0E729FECE}.Release|Any CPU.Build.0 = Release|Any CPU
		{ACD15A85-9273-425A-9158-9BEEB02CDF10}.Debug|Any CPU.ActiveCfg = Debug|Any CPU
		{ACD15A85-9273-425A-9158-9BEEB02CDF10}.Debug|Any CPU.Build.0 = Debug|Any CPU
		{ACD15A85-9273-425A-9158-9BEEB02CDF10}.Release|Any CPU.ActiveCfg = Release|Any CPU
		{ACD15A85-9273-425A-9158-9BEEB02CDF10}.Release|Any CPU.Build.0 = Release|Any CPU
		{7DB02FC9-793D-4156-B088-F0A9C795AFC7}.Debug|Any CPU.ActiveCfg = Debug|Any CPU
		{7DB02FC9-793D-4156-B088-F0A9C795AFC7}.Debug|Any CPU.Build.0 = Debug|Any CPU
		{7DB02FC9-793D-4156-B088-F0A9C795AFC7}.Release|Any CPU.ActiveCfg = Release|Any CPU
		{7DB02FC9-793D-4156-B088-F0A9C795AFC7}.Release|Any CPU.Build.0 = Release|Any CPU
		{538A3AB6-F255-423C-B4BE-767AF90D2690}.Debug|Any CPU.ActiveCfg = Debug|Any CPU
		{538A3AB6-F255-423C-B4BE-767AF90D2690}.Debug|Any CPU.Build.0 = Debug|Any CPU
		{538A3AB6-F255-423C-B4BE-767AF90D2690}.Release|Any CPU.ActiveCfg = Release|Any CPU
		{538A3AB6-F255-423C-B4BE-767AF90D2690}.Release|Any CPU.Build.0 = Release|Any CPU
		{D54AD8AB-CB8E-47B9-849A-3265C278CC5C}.Debug|Any CPU.ActiveCfg = Debug|Any CPU
		{D54AD8AB-CB8E-47B9-849A-3265C278CC5C}.Debug|Any CPU.Build.0 = Debug|Any CPU
		{D54AD8AB-CB8E-47B9-849A-3265C278CC5C}.Release|Any CPU.ActiveCfg = Release|Any CPU
		{D54AD8AB-CB8E-47B9-849A-3265C278CC5C}.Release|Any CPU.Build.0 = Release|Any CPU
		{DEB6BD55-75EC-4B35-ACA6-4639FDA12AD2}.Debug|Any CPU.ActiveCfg = Debug|Any CPU
		{DEB6BD55-75EC-4B35-ACA6-4639FDA12AD2}.Debug|Any CPU.Build.0 = Debug|Any CPU
		{DEB6BD55-75EC-4B35-ACA6-4639FDA12AD2}.Release|Any CPU.ActiveCfg = Release|Any CPU
		{DEB6BD55-75EC-4B35-ACA6-4639FDA12AD2}.Release|Any CPU.Build.0 = Release|Any CPU
		{6299A71A-0C1D-4918-958E-03CCF2AABE7B}.Debug|Any CPU.ActiveCfg = Debug|Any CPU
		{6299A71A-0C1D-4918-958E-03CCF2AABE7B}.Debug|Any CPU.Build.0 = Debug|Any CPU
		{6299A71A-0C1D-4918-958E-03CCF2AABE7B}.Release|Any CPU.ActiveCfg = Release|Any CPU
		{6299A71A-0C1D-4918-958E-03CCF2AABE7B}.Release|Any CPU.Build.0 = Release|Any CPU
		{174E6F32-F0AB-4A6C-A8F0-1BF0CA9C59FC}.Debug|Any CPU.ActiveCfg = Debug|Any CPU
		{174E6F32-F0AB-4A6C-A8F0-1BF0CA9C59FC}.Debug|Any CPU.Build.0 = Debug|Any CPU
		{174E6F32-F0AB-4A6C-A8F0-1BF0CA9C59FC}.Release|Any CPU.ActiveCfg = Release|Any CPU
		{174E6F32-F0AB-4A6C-A8F0-1BF0CA9C59FC}.Release|Any CPU.Build.0 = Release|Any CPU
		{9F1CD215-EDFF-4217-B1A8-3426E5E0020C}.Debug|Any CPU.ActiveCfg = Debug|Any CPU
		{9F1CD215-EDFF-4217-B1A8-3426E5E0020C}.Debug|Any CPU.Build.0 = Debug|Any CPU
		{9F1CD215-EDFF-4217-B1A8-3426E5E0020C}.Release|Any CPU.ActiveCfg = Release|Any CPU
		{9F1CD215-EDFF-4217-B1A8-3426E5E0020C}.Release|Any CPU.Build.0 = Release|Any CPU
		{8365B69A-3BE9-4BB4-8612-7E2FD2F43A19}.Debug|Any CPU.ActiveCfg = Debug|Any CPU
		{8365B69A-3BE9-4BB4-8612-7E2FD2F43A19}.Debug|Any CPU.Build.0 = Debug|Any CPU
		{8365B69A-3BE9-4BB4-8612-7E2FD2F43A19}.Release|Any CPU.ActiveCfg = Release|Any CPU
		{8365B69A-3BE9-4BB4-8612-7E2FD2F43A19}.Release|Any CPU.Build.0 = Release|Any CPU
		{8653FC8A-C9F2-4B60-85FE-8C2F3B1C1317}.Debug|Any CPU.ActiveCfg = Debug|Any CPU
		{8653FC8A-C9F2-4B60-85FE-8C2F3B1C1317}.Debug|Any CPU.Build.0 = Debug|Any CPU
		{8653FC8A-C9F2-4B60-85FE-8C2F3B1C1317}.Release|Any CPU.ActiveCfg = Release|Any CPU
		{8653FC8A-C9F2-4B60-85FE-8C2F3B1C1317}.Release|Any CPU.Build.0 = Release|Any CPU
		{FEFDD08C-6B5C-4810-8A25-D969396573F9}.Debug|Any CPU.ActiveCfg = Debug|Any CPU
		{FEFDD08C-6B5C-4810-8A25-D969396573F9}.Debug|Any CPU.Build.0 = Debug|Any CPU
		{FEFDD08C-6B5C-4810-8A25-D969396573F9}.Release|Any CPU.ActiveCfg = Release|Any CPU
		{FEFDD08C-6B5C-4810-8A25-D969396573F9}.Release|Any CPU.Build.0 = Release|Any CPU
		{D663CB8F-4078-42FC-B73D-2A5D6862D5D7}.Debug|Any CPU.ActiveCfg = Debug|Any CPU
		{D663CB8F-4078-42FC-B73D-2A5D6862D5D7}.Debug|Any CPU.Build.0 = Debug|Any CPU
		{D663CB8F-4078-42FC-B73D-2A5D6862D5D7}.Release|Any CPU.ActiveCfg = Release|Any CPU
		{D663CB8F-4078-42FC-B73D-2A5D6862D5D7}.Release|Any CPU.Build.0 = Release|Any CPU
		{6D51B3BD-0AA7-4E58-9F4D-3BFF434EEF38}.Debug|Any CPU.ActiveCfg = Debug|Any CPU
		{6D51B3BD-0AA7-4E58-9F4D-3BFF434EEF38}.Debug|Any CPU.Build.0 = Debug|Any CPU
		{6D51B3BD-0AA7-4E58-9F4D-3BFF434EEF38}.Release|Any CPU.ActiveCfg = Release|Any CPU
		{6D51B3BD-0AA7-4E58-9F4D-3BFF434EEF38}.Release|Any CPU.Build.0 = Release|Any CPU
		{EB84FF50-3785-4FED-806A-AFE97314CF52}.Debug|Any CPU.ActiveCfg = Debug|Any CPU
		{EB84FF50-3785-4FED-806A-AFE97314CF52}.Debug|Any CPU.Build.0 = Debug|Any CPU
		{EB84FF50-3785-4FED-806A-AFE97314CF52}.Release|Any CPU.ActiveCfg = Release|Any CPU
		{EB84FF50-3785-4FED-806A-AFE97314CF52}.Release|Any CPU.Build.0 = Release|Any CPU
		{6181D7A6-1B14-499D-908D-0BF07BE636F7}.Debug|Any CPU.ActiveCfg = Debug|Any CPU
		{6181D7A6-1B14-499D-908D-0BF07BE636F7}.Debug|Any CPU.Build.0 = Debug|Any CPU
		{6181D7A6-1B14-499D-908D-0BF07BE636F7}.Release|Any CPU.ActiveCfg = Release|Any CPU
		{6181D7A6-1B14-499D-908D-0BF07BE636F7}.Release|Any CPU.Build.0 = Release|Any CPU
		{47FDE92A-26FF-46D3-B6F0-405C0C4B8B10}.Debug|Any CPU.ActiveCfg = Debug|Any CPU
		{47FDE92A-26FF-46D3-B6F0-405C0C4B8B10}.Debug|Any CPU.Build.0 = Debug|Any CPU
		{47FDE92A-26FF-46D3-B6F0-405C0C4B8B10}.Release|Any CPU.ActiveCfg = Release|Any CPU
		{47FDE92A-26FF-46D3-B6F0-405C0C4B8B10}.Release|Any CPU.Build.0 = Release|Any CPU
		{64B18287-680F-40AF-974D-3FBD6EA9B2BA}.Debug|Any CPU.ActiveCfg = Debug|Any CPU
		{64B18287-680F-40AF-974D-3FBD6EA9B2BA}.Debug|Any CPU.Build.0 = Debug|Any CPU
		{64B18287-680F-40AF-974D-3FBD6EA9B2BA}.Release|Any CPU.ActiveCfg = Release|Any CPU
		{64B18287-680F-40AF-974D-3FBD6EA9B2BA}.Release|Any CPU.Build.0 = Release|Any CPU
		{009F7164-8FDC-4C65-AF76-8516EC1267E6}.Debug|Any CPU.ActiveCfg = Debug|Any CPU
		{009F7164-8FDC-4C65-AF76-8516EC1267E6}.Debug|Any CPU.Build.0 = Debug|Any CPU
		{009F7164-8FDC-4C65-AF76-8516EC1267E6}.Release|Any CPU.ActiveCfg = Release|Any CPU
		{009F7164-8FDC-4C65-AF76-8516EC1267E6}.Release|Any CPU.Build.0 = Release|Any CPU
	EndGlobalSection
	GlobalSection(SolutionProperties) = preSolution
		HideSolutionNode = FALSE
	EndGlobalSection
	GlobalSection(ExtensibilityGlobals) = postSolution
		SolutionGuid = {BD4AE20E-AFDF-4F6C-AA92-F7CB70B6F4DF}
	EndGlobalSection
EndGlobal
